
Microsoft Visual Studio Solution File, Format Version 12.00
# Visual Studio Version 16
VisualStudioVersion = 16.0.31624.102
MinimumVisualStudioVersion = 10.0.40219.1
Project("{FAE04EC0-301F-11D3-BF4B-00C04F79EFBC}") = "Opdracht-2", "Opdracht-2\Opdracht-2.csproj", "{D3B222BC-B465-4DC9-A556-1C8F70BEE2D0}"
EndProject
Global
	GlobalSection(SolutionConfigurationPlatforms) = preSolution
		Debug|Any CPU = Debug|Any CPU
		Release|Any CPU = Release|Any CPU
	EndGlobalSection
	GlobalSection(ProjectConfigurationPlatforms) = postSolution
		{D3B222BC-B465-4DC9-A556-1C8F70BEE2D0}.Debug|Any CPU.ActiveCfg = Debug|Any CPU
		{D3B222BC-B465-4DC9-A556-1C8F70BEE2D0}.Debug|Any CPU.Build.0 = Debug|Any CPU
		{D3B222BC-B465-4DC9-A556-1C8F70BEE2D0}.Release|Any CPU.ActiveCfg = Release|Any CPU
		{D3B222BC-B465-4DC9-A556-1C8F70BEE2D0}.Release|Any CPU.Build.0 = Release|Any CPU
	EndGlobalSection
	GlobalSection(SolutionProperties) = preSolution
		HideSolutionNode = FALSE
	EndGlobalSection
	GlobalSection(ExtensibilityGlobals) = postSolution
		SolutionGuid = {3C54AB5E-79DA-4445-B33E-A22016D5167D}
	EndGlobalSection
EndGlobal
